
Microsoft Visual Studio Solution File, Format Version 12.00
# Visual Studio Version 16
VisualStudioVersion = 16.0.31829.152
MinimumVisualStudioVersion = 10.0.40219.1
Project("{8BC9CEB8-8B4A-11D0-8D11-00A0C91BC942}") = "Inheritances", "Inheritances\Inheritances.vcxproj", "{51DD38C5-C670-4628-8BE9-70730D215EA6}"
EndProject
Project("{8BC9CEB8-8B4A-11D0-8D11-00A0C91BC942}") = "Academy", "Academy\Academy.vcxproj", "{3BC9D962-7DF4-486B-B898-DE75D2E3A716}"
EndProject
Project("{8BC9CEB8-8B4A-11D0-8D11-00A0C91BC942}") = "Files", "Files\Files.vcxproj", "{16EDCC56-7CA5-4D72-8CCE-69335EA674E9}"
EndProject
Project("{8BC9CEB8-8B4A-11D0-8D11-00A0C91BC942}") = "Departament", "Departament\Departament.vcxproj", "{716DACB9-A30E-4E6A-84FC-06ACA882C759}"
EndProject
Project("{8BC9CEB8-8B4A-11D0-8D11-00A0C91BC942}") = "AbstractBaseClass", "AbstractBaseClass\AbstractBaseClass.vcxproj", "{A53E5BF1-8876-47DA-8CFC-E8BB41358F00}"
EndProject
Project("{8BC9CEB8-8B4A-11D0-8D11-00A0C91BC942}") = "AbstractGeometry", "AbstractGeometry\AbstractGeometry.vcxproj", "{FD463D83-90B4-4AC6-8FD1-A04800296A5F}"
EndProject
Project("{8BC9CEB8-8B4A-11D0-8D11-00A0C91BC942}") = "Threads", "Threads\Threads.vcxproj", "{FDCB633D-CD6C-422C-893C-6BA4B80E640B}"
EndProject
Global
	GlobalSection(SolutionConfigurationPlatforms) = preSolution
		Debug|x64 = Debug|x64
		Debug|x86 = Debug|x86
		Release|x64 = Release|x64
		Release|x86 = Release|x86
	EndGlobalSection
	GlobalSection(ProjectConfigurationPlatforms) = postSolution
		{51DD38C5-C670-4628-8BE9-70730D215EA6}.Debug|x64.ActiveCfg = Debug|x64
		{51DD38C5-C670-4628-8BE9-70730D215EA6}.Debug|x64.Build.0 = Debug|x64
		{51DD38C5-C670-4628-8BE9-70730D215EA6}.Debug|x86.ActiveCfg = Debug|Win32
		{51DD38C5-C670-4628-8BE9-70730D215EA6}.Debug|x86.Build.0 = Debug|Win32
		{51DD38C5-C670-4628-8BE9-70730D215EA6}.Release|x64.ActiveCfg = Release|x64
		{51DD38C5-C670-4628-8BE9-70730D215EA6}.Release|x64.Build.0 = Release|x64
		{51DD38C5-C670-4628-8BE9-70730D215EA6}.Release|x86.ActiveCfg = Release|Win32
		{51DD38C5-C670-4628-8BE9-70730D215EA6}.Release|x86.Build.0 = Release|Win32
		{3BC9D962-7DF4-486B-B898-DE75D2E3A716}.Debug|x64.ActiveCfg = Debug|x64
		{3BC9D962-7DF4-486B-B898-DE75D2E3A716}.Debug|x64.Build.0 = Debug|x64
		{3BC9D962-7DF4-486B-B898-DE75D2E3A716}.Debug|x86.ActiveCfg = Debug|Win32
		{3BC9D962-7DF4-486B-B898-DE75D2E3A716}.Debug|x86.Build.0 = Debug|Win32
		{3BC9D962-7DF4-486B-B898-DE75D2E3A716}.Release|x64.ActiveCfg = Release|x64
		{3BC9D962-7DF4-486B-B898-DE75D2E3A716}.Release|x64.Build.0 = Release|x64
		{3BC9D962-7DF4-486B-B898-DE75D2E3A716}.Release|x86.ActiveCfg = Release|Win32
		{3BC9D962-7DF4-486B-B898-DE75D2E3A716}.Release|x86.Build.0 = Release|Win32
		{16EDCC56-7CA5-4D72-8CCE-69335EA674E9}.Debug|x64.ActiveCfg = Debug|x64
		{16EDCC56-7CA5-4D72-8CCE-69335EA674E9}.Debug|x64.Build.0 = Debug|x64
		{16EDCC56-7CA5-4D72-8CCE-69335EA674E9}.Debug|x86.ActiveCfg = Debug|Win32
		{16EDCC56-7CA5-4D72-8CCE-69335EA674E9}.Debug|x86.Build.0 = Debug|Win32
		{16EDCC56-7CA5-4D72-8CCE-69335EA674E9}.Release|x64.ActiveCfg = Release|x64
		{16EDCC56-7CA5-4D72-8CCE-69335EA674E9}.Release|x64.Build.0 = Release|x64
		{16EDCC56-7CA5-4D72-8CCE-69335EA674E9}.Release|x86.ActiveCfg = Release|Win32
		{16EDCC56-7CA5-4D72-8CCE-69335EA674E9}.Release|x86.Build.0 = Release|Win32
		{716DACB9-A30E-4E6A-84FC-06ACA882C759}.Debug|x64.ActiveCfg = Debug|x64
		{716DACB9-A30E-4E6A-84FC-06ACA882C759}.Debug|x64.Build.0 = Debug|x64
		{716DACB9-A30E-4E6A-84FC-06ACA882C759}.Debug|x86.ActiveCfg = Debug|Win32
		{716DACB9-A30E-4E6A-84FC-06ACA882C759}.Debug|x86.Build.0 = Debug|Win32
		{716DACB9-A30E-4E6A-84FC-06ACA882C759}.Release|x64.ActiveCfg = Release|x64
		{716DACB9-A30E-4E6A-84FC-06ACA882C759}.Release|x64.Build.0 = Release|x64
		{716DACB9-A30E-4E6A-84FC-06ACA882C759}.Release|x86.ActiveCfg = Release|Win32
		{716DACB9-A30E-4E6A-84FC-06ACA882C759}.Release|x86.Build.0 = Release|Win32
		{A53E5BF1-8876-47DA-8CFC-E8BB41358F00}.Debug|x64.ActiveCfg = Debug|x64
		{A53E5BF1-8876-47DA-8CFC-E8BB41358F00}.Debug|x64.Build.0 = Debug|x64
		{A53E5BF1-8876-47DA-8CFC-E8BB41358F00}.Debug|x86.ActiveCfg = Debug|Win32
		{A53E5BF1-8876-47DA-8CFC-E8BB41358F00}.Debug|x86.Build.0 = Debug|Win32
		{A53E5BF1-8876-47DA-8CFC-E8BB41358F00}.Release|x64.ActiveCfg = Release|x64
		{A53E5BF1-8876-47DA-8CFC-E8BB41358F00}.Release|x64.Build.0 = Release|x64
		{A53E5BF1-8876-47DA-8CFC-E8BB41358F00}.Release|x86.ActiveCfg = Release|Win32
		{A53E5BF1-8876-47DA-8CFC-E8BB41358F00}.Release|x86.Build.0 = Release|Win32
		{FD463D83-90B4-4AC6-8FD1-A04800296A5F}.Debug|x64.ActiveCfg = Debug|x64
		{FD463D83-90B4-4AC6-8FD1-A04800296A5F}.Debug|x64.Build.0 = Debug|x64
		{FD463D83-90B4-4AC6-8FD1-A04800296A5F}.Debug|x86.ActiveCfg = Debug|Win32
		{FD463D83-90B4-4AC6-8FD1-A04800296A5F}.Debug|x86.Build.0 = Debug|Win32
		{FD463D83-90B4-4AC6-8FD1-A04800296A5F}.Release|x64.ActiveCfg = Release|x64
		{FD463D83-90B4-4AC6-8FD1-A04800296A5F}.Release|x64.Build.0 = Release|x64
		{FD463D83-90B4-4AC6-8FD1-A04800296A5F}.Release|x86.ActiveCfg = Release|Win32
		{FD463D83-90B4-4AC6-8FD1-A04800296A5F}.Release|x86.Build.0 = Release|Win32
		{FDCB633D-CD6C-422C-893C-6BA4B80E640B}.Debug|x64.ActiveCfg = Debug|x64
		{FDCB633D-CD6C-422C-893C-6BA4B80E640B}.Debug|x64.Build.0 = Debug|x64
		{FDCB633D-CD6C-422C-893C-6BA4B80E640B}.Debug|x86.ActiveCfg = Debug|Win32
		{FDCB633D-CD6C-422C-893C-6BA4B80E640B}.Debug|x86.Build.0 = Debug|Win32
		{FDCB633D-CD6C-422C-893C-6BA4B80E640B}.Release|x64.ActiveCfg = Release|x64
		{FDCB633D-CD6C-422C-893C-6BA4B80E640B}.Release|x64.Build.0 = Release|x64
		{FDCB633D-CD6C-422C-893C-6BA4B80E640B}.Release|x86.ActiveCfg = Release|Win32
		{FDCB633D-CD6C-422C-893C-6BA4B80E640B}.Release|x86.Build.0 = Release|Win32
	EndGlobalSection
	GlobalSection(SolutionProperties) = preSolution
		HideSolutionNode = FALSE
	EndGlobalSection
	GlobalSection(ExtensibilityGlobals) = postSolution
		SolutionGuid = {2996B5F1-4459-4538-8D7A-4DF900257B4D}
	EndGlobalSection
EndGlobal
